// !$*UTF8*$!
{
	archiveVersion = 1;
	classes = {
	};
	objectVersion = 46;
	objects = {

/* Begin PBXBuildFile section */
		BE094FD9199C93A900D24F7C /* Foundation.framework in Frameworks */ = {isa = PBXBuildFile; fileRef = BE094FD8199C93A900D24F7C /* Foundation.framework */; };
		BE094FDB199C93A900D24F7C /* CoreGraphics.framework in Frameworks */ = {isa = PBXBuildFile; fileRef = BE094FDA199C93A900D24F7C /* CoreGraphics.framework */; };
		BE094FDD199C93A900D24F7C /* UIKit.framework in Frameworks */ = {isa = PBXBuildFile; fileRef = BE094FDC199C93A900D24F7C /* UIKit.framework */; };
		BE094FE3199C93A900D24F7C /* InfoPlist.strings in Resources */ = {isa = PBXBuildFile; fileRef = BE094FE1199C93A900D24F7C /* InfoPlist.strings */; };
		BE094FE5199C93A900D24F7C /* main.m in Sources */ = {isa = PBXBuildFile; fileRef = BE094FE4199C93A900D24F7C /* main.m */; };
		BE094FE9199C93A900D24F7C /* AppDelegate.m in Sources */ = {isa = PBXBuildFile; fileRef = BE094FE8199C93A900D24F7C /* AppDelegate.m */; };
		BE094FEB199C93A900D24F7C /* Images.xcassets in Resources */ = {isa = PBXBuildFile; fileRef = BE094FEA199C93A900D24F7C /* Images.xcassets */; };
		BE094FF2199C93A900D24F7C /* XCTest.framework in Frameworks */ = {isa = PBXBuildFile; fileRef = BE094FF1199C93A900D24F7C /* XCTest.framework */; };
		BE094FF3199C93A900D24F7C /* Foundation.framework in Frameworks */ = {isa = PBXBuildFile; fileRef = BE094FD8199C93A900D24F7C /* Foundation.framework */; };
		BE094FF4199C93A900D24F7C /* UIKit.framework in Frameworks */ = {isa = PBXBuildFile; fileRef = BE094FDC199C93A900D24F7C /* UIKit.framework */; };
		BE094FFC199C93A900D24F7C /* InfoPlist.strings in Resources */ = {isa = PBXBuildFile; fileRef = BE094FFA199C93A900D24F7C /* InfoPlist.strings */; };
		BE094FFE199C93A900D24F7C /* PodTest2Tests.m in Sources */ = {isa = PBXBuildFile; fileRef = BE094FFD199C93A900D24F7C /* PodTest2Tests.m */; };
		BE09500A199C93CB00D24F7C /* Some.m in Sources */ = {isa = PBXBuildFile; fileRef = BE095009199C93CB00D24F7C /* Some.m */; };
/* End PBXBuildFile section */

/* Begin PBXContainerItemProxy section */
		BE094FF5199C93A900D24F7C /* PBXContainerItemProxy */ = {
			isa = PBXContainerItemProxy;
			containerPortal = BE094FCD199C93A900D24F7C /* Project object */;
			proxyType = 1;
			remoteGlobalIDString = BE094FD4199C93A900D24F7C;
			remoteInfo = PodTest2;
		};
/* End PBXContainerItemProxy section */

/* Begin PBXFileReference section */
		BE094FD5199C93A900D24F7C /* PodTest2.app */ = {isa = PBXFileReference; explicitFileType = wrapper.application; includeInIndex = 0; path = PodTest2.app; sourceTree = BUILT_PRODUCTS_DIR; };
		BE094FD8199C93A900D24F7C /* Foundation.framework */ = {isa = PBXFileReference; lastKnownFileType = wrapper.framework; name = Foundation.framework; path = System/Library/Frameworks/Foundation.framework; sourceTree = SDKROOT; };
		BE094FDA199C93A900D24F7C /* CoreGraphics.framework */ = {isa = PBXFileReference; lastKnownFileType = wrapper.framework; name = CoreGraphics.framework; path = System/Library/Frameworks/CoreGraphics.framework; sourceTree = SDKROOT; };
		BE094FDC199C93A900D24F7C /* UIKit.framework */ = {isa = PBXFileReference; lastKnownFileType = wrapper.framework; name = UIKit.framework; path = System/Library/Frameworks/UIKit.framework; sourceTree = SDKROOT; };
		BE094FE0199C93A900D24F7C /* PodTest2-Info.plist */ = {isa = PBXFileReference; lastKnownFileType = text.plist.xml; path = "PodTest2-Info.plist"; sourceTree = "<group>"; };
		BE094FE2199C93A900D24F7C /* en */ = {isa = PBXFileReference; lastKnownFileType = text.plist.strings; name = en; path = en.lproj/InfoPlist.strings; sourceTree = "<group>"; };
		BE094FE4199C93A900D24F7C /* main.m */ = {isa = PBXFileReference; lastKnownFileType = sourcecode.c.objc; path = main.m; sourceTree = "<group>"; };
		BE094FE6199C93A900D24F7C /* PodTest2-Prefix.pch */ = {isa = PBXFileReference; lastKnownFileType = sourcecode.c.h; path = "PodTest2-Prefix.pch"; sourceTree = "<group>"; };
		BE094FE7199C93A900D24F7C /* AppDelegate.h */ = {isa = PBXFileReference; lastKnownFileType = sourcecode.c.h; path = AppDelegate.h; sourceTree = "<group>"; };
		BE094FE8199C93A900D24F7C /* AppDelegate.m */ = {isa = PBXFileReference; lastKnownFileType = sourcecode.c.objc; path = AppDelegate.m; sourceTree = "<group>"; };
		BE094FEA199C93A900D24F7C /* Images.xcassets */ = {isa = PBXFileReference; lastKnownFileType = folder.assetcatalog; path = Images.xcassets; sourceTree = "<group>"; };
		BE094FF0199C93A900D24F7C /* PodTest2Tests.xctest */ = {isa = PBXFileReference; explicitFileType = wrapper.cfbundle; includeInIndex = 0; path = PodTest2Tests.xctest; sourceTree = BUILT_PRODUCTS_DIR; };
		BE094FF1199C93A900D24F7C /* XCTest.framework */ = {isa = PBXFileReference; lastKnownFileType = wrapper.framework; name = XCTest.framework; path = Library/Frameworks/XCTest.framework; sourceTree = DEVELOPER_DIR; };
		BE094FF9199C93A900D24F7C /* PodTest2Tests-Info.plist */ = {isa = PBXFileReference; lastKnownFileType = text.plist.xml; path = "PodTest2Tests-Info.plist"; sourceTree = "<group>"; };
		BE094FFB199C93A900D24F7C /* en */ = {isa = PBXFileReference; lastKnownFileType = text.plist.strings; name = en; path = en.lproj/InfoPlist.strings; sourceTree = "<group>"; };
		BE094FFD199C93A900D24F7C /* PodTest2Tests.m */ = {isa = PBXFileReference; lastKnownFileType = sourcecode.c.objc; path = PodTest2Tests.m; sourceTree = "<group>"; };
		BE095008199C93CB00D24F7C /* Some.h */ = {isa = PBXFileReference; fileEncoding = 4; lastKnownFileType = sourcecode.c.h; name = Some.h; path = Some/Some.h; sourceTree = "<group>"; };
		BE095009199C93CB00D24F7C /* Some.m */ = {isa = PBXFileReference; fileEncoding = 4; lastKnownFileType = sourcecode.c.objc; name = Some.m; path = Some/Some.m; sourceTree = "<group>"; };
/* End PBXFileReference section */

/* Begin PBXFrameworksBuildPhase section */
		BE094FD2199C93A900D24F7C /* Frameworks */ = {
			isa = PBXFrameworksBuildPhase;
			buildActionMask = 2147483647;
			files = (
				BE094FDB199C93A900D24F7C /* CoreGraphics.framework in Frameworks */,
				BE094FDD199C93A900D24F7C /* UIKit.framework in Frameworks */,
				BE094FD9199C93A900D24F7C /* Foundation.framework in Frameworks */,
			);
			runOnlyForDeploymentPostprocessing = 0;
		};
		BE094FED199C93A900D24F7C /* Frameworks */ = {
			isa = PBXFrameworksBuildPhase;
			buildActionMask = 2147483647;
			files = (
				BE094FF2199C93A900D24F7C /* XCTest.framework in Frameworks */,
				BE094FF4199C93A900D24F7C /* UIKit.framework in Frameworks */,
				BE094FF3199C93A900D24F7C /* Foundation.framework in Frameworks */,
			);
			runOnlyForDeploymentPostprocessing = 0;
		};
/* End PBXFrameworksBuildPhase section */

/* Begin PBXGroup section */
		BE094FCC199C93A900D24F7C = {
			isa = PBXGroup;
			children = (
				BE095007199C93B100D24F7C /* Some */,
				BE094FDE199C93A900D24F7C /* PodTest2 */,
				BE094FF7199C93A900D24F7C /* PodTest2Tests */,
				BE094FD7199C93A900D24F7C /* Frameworks */,
				BE094FD6199C93A900D24F7C /* Products */,
			);
			sourceTree = "<group>";
		};
		BE094FD6199C93A900D24F7C /* Products */ = {
			isa = PBXGroup;
			children = (
				BE094FD5199C93A900D24F7C /* PodTest2.app */,
				BE094FF0199C93A900D24F7C /* PodTest2Tests.xctest */,
			);
			name = Products;
			sourceTree = "<group>";
		};
		BE094FD7199C93A900D24F7C /* Frameworks */ = {
			isa = PBXGroup;
			children = (
				BE094FD8199C93A900D24F7C /* Foundation.framework */,
				BE094FDA199C93A900D24F7C /* CoreGraphics.framework */,
				BE094FDC199C93A900D24F7C /* UIKit.framework */,
				BE094FF1199C93A900D24F7C /* XCTest.framework */,
			);
			name = Frameworks;
			sourceTree = "<group>";
		};
		BE094FDE199C93A900D24F7C /* PodTest2 */ = {
			isa = PBXGroup;
			children = (
				BE094FE7199C93A900D24F7C /* AppDelegate.h */,
				BE094FE8199C93A900D24F7C /* AppDelegate.m */,
				BE094FEA199C93A900D24F7C /* Images.xcassets */,
				BE094FDF199C93A900D24F7C /* Supporting Files */,
			);
			path = PodTest2;
			sourceTree = "<group>";
		};
		BE094FDF199C93A900D24F7C /* Supporting Files */ = {
			isa = PBXGroup;
			children = (
				BE094FE0199C93A900D24F7C /* PodTest2-Info.plist */,
				BE094FE1199C93A900D24F7C /* InfoPlist.strings */,
				BE094FE4199C93A900D24F7C /* main.m */,
				BE094FE6199C93A900D24F7C /* PodTest2-Prefix.pch */,
			);
			name = "Supporting Files";
			sourceTree = "<group>";
		};
		BE094FF7199C93A900D24F7C /* PodTest2Tests */ = {
			isa = PBXGroup;
			children = (
				BE094FFD199C93A900D24F7C /* PodTest2Tests.m */,
				BE094FF8199C93A900D24F7C /* Supporting Files */,
			);
			path = PodTest2Tests;
			sourceTree = "<group>";
		};
		BE094FF8199C93A900D24F7C /* Supporting Files */ = {
			isa = PBXGroup;
			children = (
				BE094FF9199C93A900D24F7C /* PodTest2Tests-Info.plist */,
				BE094FFA199C93A900D24F7C /* InfoPlist.strings */,
			);
			name = "Supporting Files";
			sourceTree = "<group>";
		};
		BE095007199C93B100D24F7C /* Some */ = {
			isa = PBXGroup;
			children = (
				BE095008199C93CB00D24F7C /* Some.h */,
				BE095009199C93CB00D24F7C /* Some.m */,
			);
			name = Some;
			sourceTree = "<group>";
		};
/* End PBXGroup section */

/* Begin PBXNativeTarget section */
		BE094FD4199C93A900D24F7C /* PodTest2 */ = {
			isa = PBXNativeTarget;
			buildConfigurationList = BE095001199C93A900D24F7C /* Build configuration list for PBXNativeTarget "PodTest2" */;
			buildPhases = (
				BE094FD1199C93A900D24F7C /* Sources */,
				BE094FD2199C93A900D24F7C /* Frameworks */,
				BE094FD3199C93A900D24F7C /* Resources */,
			);
			buildRules = (
			);
			dependencies = (
			);
			name = PodTest2;
			productName = PodTest2;
			productReference = BE094FD5199C93A900D24F7C /* PodTest2.app */;
			productType = "com.apple.product-type.application";
		};
		BE094FEF199C93A900D24F7C /* PodTest2Tests */ = {
			isa = PBXNativeTarget;
			buildConfigurationList = BE095004199C93A900D24F7C /* Build configuration list for PBXNativeTarget "PodTest2Tests" */;
			buildPhases = (
				BE094FEC199C93A900D24F7C /* Sources */,
				BE094FED199C93A900D24F7C /* Frameworks */,
				BE094FEE199C93A900D24F7C /* Resources */,
			);
			buildRules = (
			);
			dependencies = (
				BE094FF6199C93A900D24F7C /* PBXTargetDependency */,
			);
			name = PodTest2Tests;
			productName = PodTest2Tests;
			productReference = BE094FF0199C93A900D24F7C /* PodTest2Tests.xctest */;
			productType = "com.apple.product-type.bundle.unit-test";
		};
/* End PBXNativeTarget section */

/* Begin PBXProject section */
		BE094FCD199C93A900D24F7C /* Project object */ = {
			isa = PBXProject;
			attributes = {
				LastUpgradeCheck = 0510;
				ORGANIZATIONNAME = "Shanghai Hujia Cultural Communications Co.,Ltd.";
				TargetAttributes = {
					BE094FEF199C93A900D24F7C = {
						TestTargetID = BE094FD4199C93A900D24F7C;
					};
				};
			};
			buildConfigurationList = BE094FD0199C93A900D24F7C /* Build configuration list for PBXProject "PodTest2" */;
			compatibilityVersion = "Xcode 3.2";
			developmentRegion = English;
			hasScannedForEncodings = 0;
			knownRegions = (
				en,
			);
			mainGroup = BE094FCC199C93A900D24F7C;
			productRefGroup = BE094FD6199C93A900D24F7C /* Products */;
			projectDirPath = "";
			projectRoot = "";
			targets = (
				BE094FD4199C93A900D24F7C /* PodTest2 */,
				BE094FEF199C93A900D24F7C /* PodTest2Tests */,
			);
		};
/* End PBXProject section */

/* Begin PBXResourcesBuildPhase section */
		BE094FD3199C93A900D24F7C /* Resources */ = {
			isa = PBXResourcesBuildPhase;
			buildActionMask = 2147483647;
			files = (
				BE094FE3199C93A900D24F7C /* InfoPlist.strings in Resources */,
				BE094FEB199C93A900D24F7C /* Images.xcassets in Resources */,
			);
			runOnlyForDeploymentPostprocessing = 0;
		};
		BE094FEE199C93A900D24F7C /* Resources */ = {
			isa = PBXResourcesBuildPhase;
			buildActionMask = 2147483647;
			files = (
				BE094FFC199C93A900D24F7C /* InfoPlist.strings in Resources */,
			);
			runOnlyForDeploymentPostprocessing = 0;
		};
/* End PBXResourcesBuildPhase section */

/* Begin PBXSourcesBuildPhase section */
		BE094FD1199C93A900D24F7C /* Sources */ = {
			isa = PBXSourcesBuildPhase;
			buildActionMask = 2147483647;
			files = (
				BE094FE9199C93A900D24F7C /* AppDelegate.m in Sources */,
				BE09500A199C93CB00D24F7C /* Some.m in Sources */,
				BE094FE5199C93A900D24F7C /* main.m in Sources */,
			);
			runOnlyForDeploymentPostprocessing = 0;
		};
		BE094FEC199C93A900D24F7C /* Sources */ = {
			isa = PBXSourcesBuildPhase;
			buildActionMask = 2147483647;
			files = (
				BE094FFE199C93A900D24F7C /* PodTest2Tests.m in Sources */,
			);
			runOnlyForDeploymentPostprocessing = 0;
		};
/* End PBXSourcesBuildPhase section */

/* Begin PBXTargetDependency section */
		BE094FF6199C93A900D24F7C /* PBXTargetDependency */ = {
			isa = PBXTargetDependency;
			target = BE094FD4199C93A900D24F7C /* PodTest2 */;
			targetProxy = BE094FF5199C93A900D24F7C /* PBXContainerItemProxy */;
		};
/* End PBXTargetDependency section */

/* Begin PBXVariantGroup section */
		BE094FE1199C93A900D24F7C /* InfoPlist.strings */ = {
			isa = PBXVariantGroup;
			children = (
				BE094FE2199C93A900D24F7C /* en */,
			);
			name = InfoPlist.strings;
			sourceTree = "<group>";
		};
		BE094FFA199C93A900D24F7C /* InfoPlist.strings */ = {
			isa = PBXVariantGroup;
			children = (
				BE094FFB199C93A900D24F7C /* en */,
			);
			name = InfoPlist.strings;
			sourceTree = "<group>";
		};
/* End PBXVariantGroup section */

/* Begin XCBuildConfiguration section */
		BE094FFF199C93A900D24F7C /* Debug */ = {
			isa = XCBuildConfiguration;
			buildSettings = {
				ALWAYS_SEARCH_USER_PATHS = NO;
				CLANG_CXX_LANGUAGE_STANDARD = "gnu++0x";
				CLANG_CXX_LIBRARY = "libc++";
				CLANG_ENABLE_MODULES = YES;
				CLANG_ENABLE_OBJC_ARC = YES;
				CLANG_WARN_BOOL_CONVERSION = YES;
				CLANG_WARN_CONSTANT_CONVERSION = YES;
				CLANG_WARN_DIRECT_OBJC_ISA_USAGE = YES_ERROR;
				CLANG_WARN_EMPTY_BODY = YES;
				CLANG_WARN_ENUM_CONVERSION = YES;
				CLANG_WARN_INT_CONVERSION = YES;
				CLANG_WARN_OBJC_ROOT_CLASS = YES_ERROR;
				CLANG_WARN__DUPLICATE_METHOD_MATCH = YES;
				"CODE_SIGN_IDENTITY[sdk=iphoneos*]" = "iPhone Developer";
				COPY_PHASE_STRIP = NO;
				GCC_C_LANGUAGE_STANDARD = gnu99;
				GCC_DYNAMIC_NO_PIC = NO;
				GCC_OPTIMIZATION_LEVEL = 0;
				GCC_PREPROCESSOR_DEFINITIONS = (
					"DEBUG=1",
					"$(inherited)",
				);
				GCC_SYMBOLS_PRIVATE_EXTERN = NO;
				GCC_WARN_64_TO_32_BIT_CONVERSION = YES;
				GCC_WARN_ABOUT_RETURN_TYPE = YES_ERROR;
				GCC_WARN_UNDECLARED_SELECTOR = YES;
				GCC_WARN_UNINITIALIZED_AUTOS = YES_AGGRESSIVE;
				GCC_WARN_UNUSED_FUNCTION = YES;
				GCC_WARN_UNUSED_VARIABLE = YES;
				IPHONEOS_DEPLOYMENT_TARGET = 7.1;
				ONLY_ACTIVE_ARCH = YES;
				SDKROOT = iphoneos;
			};
			name = Debug;
		};
		BE095000199C93A900D24F7C /* Release */ = {
			isa = XCBuildConfiguration;
			buildSettings = {
				ALWAYS_SEARCH_USER_PATHS = NO;
				CLANG_CXX_LANGUAGE_STANDARD = "gnu++0x";
				CLANG_CXX_LIBRARY = "libc++";
				CLANG_ENABLE_MODULES = YES;
				CLANG_ENABLE_OBJC_ARC = YES;
				CLANG_WARN_BOOL_CONVERSION = YES;
				CLANG_WARN_CONSTANT_CONVERSION = YES;
				CLANG_WARN_DIRECT_OBJC_ISA_USAGE = YES_ERROR;
				CLANG_WARN_EMPTY_BODY = YES;
				CLANG_WARN_ENUM_CONVERSION = YES;
				CLANG_WARN_INT_CONVERSION = YES;
				CLANG_WARN_OBJC_ROOT_CLASS = YES_ERROR;
				CLANG_WARN__DUPLICATE_METHOD_MATCH = YES;
				"CODE_SIGN_IDENTITY[sdk=iphoneos*]" = "iPhone Developer";
				COPY_PHASE_STRIP = YES;
				ENABLE_NS_ASSERTIONS = NO;
				GCC_C_LANGUAGE_STANDARD = gnu99;
				GCC_WARN_64_TO_32_BIT_CONVERSION = YES;
				GCC_WARN_ABOUT_RETURN_TYPE = YES_ERROR;
				GCC_WARN_UNDECLARED_SELECTOR = YES;
				GCC_WARN_UNINITIALIZED_AUTOS = YES_AGGRESSIVE;
				GCC_WARN_UNUSED_FUNCTION = YES;
				GCC_WARN_UNUSED_VARIABLE = YES;
				IPHONEOS_DEPLOYMENT_TARGET = 7.1;
				SDKROOT = iphoneos;
				VALIDATE_PRODUCT = YES;
			};
			name = Release;
		};
		BE095002199C93A900D24F7C /* Debug */ = {
			isa = XCBuildConfiguration;
			buildSettings = {
				ASSETCATALOG_COMPILER_APPICON_NAME = AppIcon;
				ASSETCATALOG_COMPILER_LAUNCHIMAGE_NAME = LaunchImage;
				GCC_PRECOMPILE_PREFIX_HEADER = YES;
				GCC_PREFIX_HEADER = "PodTest2/PodTest2-Prefix.pch";
				INFOPLIST_FILE = "PodTest2/PodTest2-Info.plist";
				PRODUCT_NAME = "$(TARGET_NAME)";
				WRAPPER_EXTENSION = app;
			};
			name = Debug;
		};
		BE095003199C93A900D24F7C /* Release */ = {
			isa = XCBuildConfiguration;
			buildSettings = {
				ASSETCATALOG_COMPILER_APPICON_NAME = AppIcon;
				ASSETCATALOG_COMPILER_LAUNCHIMAGE_NAME = LaunchImage;
				GCC_PRECOMPILE_PREFIX_HEADER = YES;
				GCC_PREFIX_HEADER = "PodTest2/PodTest2-Prefix.pch";
				INFOPLIST_FILE = "PodTest2/PodTest2-Info.plist";
				PRODUCT_NAME = "$(TARGET_NAME)";
				WRAPPER_EXTENSION = app;
			};
			name = Release;
		};
		BE095005199C93A900D24F7C /* Debug */ = {
			isa = XCBuildConfiguration;
			buildSettings = {
				BUNDLE_LOADER = "$(BUILT_PRODUCTS_DIR)/PodTest2.app/PodTest2";
				FRAMEWORK_SEARCH_PATHS = (
					"$(SDKROOT)/Developer/Library/Frameworks",
					"$(inherited)",
					"$(DEVELOPER_FRAMEWORKS_DIR)",
				);
				GCC_PRECOMPILE_PREFIX_HEADER = YES;
				GCC_PREFIX_HEADER = "PodTest2/PodTest2-Prefix.pch";
				GCC_PREPROCESSOR_DEFINITIONS = (
					"DEBUG=1",
					"$(inherited)",
				);
				INFOPLIST_FILE = "PodTest2Tests/PodTest2Tests-Info.plist";
				PRODUCT_NAME = "$(TARGET_NAME)";
				TEST_HOST = "$(BUNDLE_LOADER)";
				WRAPPER_EXTENSION = xctest;
			};
			name = Debug;
		};
		BE095006199C93A900D24F7C /* Release */ = {
			isa = XCBuildConfiguration;
			buildSettings = {
				BUNDLE_LOADER = "$(BUILT_PRODUCTS_DIR)/PodTest2.app/PodTest2";
				FRAMEWORK_SEARCH_PATHS = (
					"$(SDKROOT)/Developer/Library/Frameworks",
					"$(inherited)",
					"$(DEVELOPER_FRAMEWORKS_DIR)",
				);
				GCC_PRECOMPILE_PREFIX_HEADER = YES;
				GCC_PREFIX_HEADER = "PodTest2/PodTest2-Prefix.pch";
				INFOPLIST_FILE = "PodTest2Tests/PodTest2Tests-Info.plist";
				PRODUCT_NAME = "$(TARGET_NAME)";
				TEST_HOST = "$(BUNDLE_LOADER)";
				WRAPPER_EXTENSION = xctest;
			};
			name = Release;
		};
/* End XCBuildConfiguration section */

/* Begin XCConfigurationList section */
		BE094FD0199C93A900D24F7C /* Build configuration list for PBXProject "PodTest2" */ = {
			isa = XCConfigurationList;
			buildConfigurations = (
				BE094FFF199C93A900D24F7C /* Debug */,
				BE095000199C93A900D24F7C /* Release */,
			);
			defaultConfigurationIsVisible = 0;
			defaultConfigurationName = Release;
		};
		BE095001199C93A900D24F7C /* Build configuration list for PBXNativeTarget "PodTest2" */ = {
			isa = XCConfigurationList;
			buildConfigurations = (
				BE095002199C93A900D24F7C /* Debug */,
				BE095003199C93A900D24F7C /* Release */,
			);
			defaultConfigurationIsVisible = 0;
		};
		BE095004199C93A900D24F7C /* Build configuration list for PBXNativeTarget "PodTest2Tests" */ = {
			isa = XCConfigurationList;
			buildConfigurations = (
				BE095005199C93A900D24F7C /* Debug */,
				BE095006199C93A900D24F7C /* Release */,
			);
			defaultConfigurationIsVisible = 0;
		};
/* End XCConfigurationList section */
	};
	rootObject = BE094FCD199C93A900D24F7C /* Project object */;
}
